{
  "nodes": {
    "nixpkgs": {
      "locked": {
        "lastModified": 1724326869,
        "narHash": "sha256-ixdd62nJxxnt51nr7rcoTzkEIh2mU2oOnW5MZN0HCjg=",
        "owner": "NixOS",
        "repo": "nixpkgs",
        "rev": "920c63c163c402c55fd15cfa9fbd59df8fc7a46a",
        "type": "github"
      },
      "original": {
        "owner": "NixOS",
        "ref": "master",
        "repo": "nixpkgs",
        "type": "github"
      }
    },
    "root": {
      "inputs": {
        "nixpkgs": "nixpkgs"
      }
    }
  },
  "root": "root",
  "version": 7
}
