{
  "nodes": {
    "nixpkgs": {
      "locked": {
        "lastModified": 1716863499,
        "narHash": "sha256-ibhnG75U0U1FHbwJda9gXCZzyIornur3FibJA5Rkvnk=",
        "owner": "gauravjuvekar",
        "repo": "nixpkgs",
        "rev": "3d52a4b4742f83b3dd7c3139f8eca65bc08ab54b",
        "type": "github"
      },
      "original": {
        "owner": "gauravjuvekar",
        "ref": "fqdn",
        "repo": "nixpkgs",
        "type": "github"
      }
    },
    "root": {
      "inputs": {
        "nixpkgs": "nixpkgs"
      }
    }
  },
  "root": "root",
  "version": 7
}
