{
  "nodes": {
    "nixpkgs": {
      "locked": {
        "lastModified": 1717800590,
        "narHash": "sha256-HDXCRIk4AAElnSRBrrRk3p6ovzPmX9LWJcBAoiXGVS4=",
        "owner": "NixOS",
        "repo": "nixpkgs",
        "rev": "23f46d633af5955cfaaca4e74b1e44be1b66199c",
        "type": "github"
      },
      "original": {
        "owner": "NixOS",
        "ref": "master",
        "repo": "nixpkgs",
        "type": "github"
      }
    },
    "root": {
      "inputs": {
        "nixpkgs": "nixpkgs"
      }
    }
  },
  "root": "root",
  "version": 7
}
